DEPENDENCIES
  apt (~> 2.6.1)
  curl (~> 2.0.1)
  git (~> 4.0.2)
  vim
    path: site-cookbooks/vim

GRAPH
  apt (2.6.1)
  build-essential (2.2.4)
  chef_handler (1.2.0)
  curl (2.0.1)
  dmg (2.3.0)
  git (4.0.2)
    build-essential (>= 0.0.0)
    dmg (>= 0.0.0)
    runit (>= 1.0.0)
    windows (>= 0.0.0)
    yum (~> 3.0)
    yum-epel (>= 0.0.0)
  packagecloud (0.1.0)
  runit (1.7.4)
    packagecloud (>= 0.0.0)
  vim (0.1.0)
  windows (1.38.2)
    chef_handler (>= 0.0.0)
  yum (3.8.1)
  yum-epel (0.6.3)
    yum (~> 3.2)
